// !$*UTF8*$!
{
	archiveVersion = 1;
	classes = {
	};
	objectVersion = 46;
	objects = {

/* Begin PBXBuildFile section */
		43618B5E4B9F9035650C140B /* Pods_Grocr.framework in Frameworks */ = {isa = PBXBuildFile; fileRef = 120607619C1900D51CC09035 /* Pods_Grocr.framework */; };
		BB2385621B3DD5AB0079CD01 /* AppDelegate.swift in Sources */ = {isa = PBXBuildFile; fileRef = BB2385611B3DD5AB0079CD01 /* AppDelegate.swift */; };
		BB2385641B3DD5AB0079CD01 /* LoginVC.swift in Sources */ = {isa = PBXBuildFile; fileRef = BB2385631B3DD5AB0079CD01 /* LoginVC.swift */; };
		BB2385671B3DD5AB0079CD01 /* Main.storyboard in Resources */ = {isa = PBXBuildFile; fileRef = BB2385651B3DD5AB0079CD01 /* Main.storyboard */; };
		BB2385691B3DD5AB0079CD01 /* Images.xcassets in Resources */ = {isa = PBXBuildFile; fileRef = BB2385681B3DD5AB0079CD01 /* Images.xcassets */; };
		BB23856C1B3DD5AB0079CD01 /* LaunchScreen.xib in Resources */ = {isa = PBXBuildFile; fileRef = BB23856A1B3DD5AB0079CD01 /* LaunchScreen.xib */; };
		BB2385841B3DD8660079CD01 /* GroceryVC.swift in Sources */ = {isa = PBXBuildFile; fileRef = BB2385831B3DD8660079CD01 /* GroceryVC.swift */; };
		BB23858A1B3DD9640079CD01 /* GroceryItem.swift in Sources */ = {isa = PBXBuildFile; fileRef = BB2385891B3DD9640079CD01 /* GroceryItem.swift */; };
		BB7DA5111B42C8100018B530 /* User.swift in Sources */ = {isa = PBXBuildFile; fileRef = BB7DA5101B42C8100018B530 /* User.swift */; };
		E103D9F41EE1EB3100ECC881 /* DictionaryExtension.swift in Sources */ = {isa = PBXBuildFile; fileRef = E103D9F31EE1EB3100ECC881 /* DictionaryExtension.swift */; };
		E103D9F61EE2C7FA00ECC881 /* BoolExtension.swift in Sources */ = {isa = PBXBuildFile; fileRef = E103D9F51EE2C7FA00ECC881 /* BoolExtension.swift */; };
		E115FB1E1ED9BB85003C1C50 /* AlertActionExtension.swift in Sources */ = {isa = PBXBuildFile; fileRef = E115FB1D1ED9BB85003C1C50 /* AlertActionExtension.swift */; };
		E115FB201ED9C19A003C1C50 /* AlertVCExtension.swift in Sources */ = {isa = PBXBuildFile; fileRef = E115FB1F1ED9C19A003C1C50 /* AlertVCExtension.swift */; };
		E115FB281EDC13A2003C1C50 /* GroceryCell.swift in Sources */ = {isa = PBXBuildFile; fileRef = E115FB271EDC13A2003C1C50 /* GroceryCell.swift */; };
		E115FB2A1EDC14AA003C1C50 /* GroceryListVC.swift in Sources */ = {isa = PBXBuildFile; fileRef = E115FB291EDC14AA003C1C50 /* GroceryListVC.swift */; };
		E115FB2C1EDC17AA003C1C50 /* Grocery.swift in Sources */ = {isa = PBXBuildFile; fileRef = E115FB2B1EDC17AA003C1C50 /* Grocery.swift */; };
		E139E1C21EE6C62300E5CF3C /* GenericCell.swift in Sources */ = {isa = PBXBuildFile; fileRef = E139E1C11EE6C62300E5CF3C /* GenericCell.swift */; };
		E145A51B1ED87CE000A1179E /* GoogleService-Info.plist in Resources */ = {isa = PBXBuildFile; fileRef = E145A51A1ED87CE000A1179E /* GoogleService-Info.plist */; };
		E16068981EDDC8BE00C522D8 /* GroceryItemVC.swift in Sources */ = {isa = PBXBuildFile; fileRef = E16068971EDDC8BE00C522D8 /* GroceryItemVC.swift */; };
		E16A76651EED614F004050E3 /* StorageReferenceExtension.swift in Sources */ = {isa = PBXBuildFile; fileRef = E16A76641EED614F004050E3 /* StorageReferenceExtension.swift */; };
		E1744D0D1EE7DAE100A17A27 /* ViewModelAvailable.swift in Sources */ = {isa = PBXBuildFile; fileRef = E1744D0C1EE7DAE100A17A27 /* ViewModelAvailable.swift */; };
		E18FC71A1EEBF8120032316E /* Editable.swift in Sources */ = {isa = PBXBuildFile; fileRef = E18FC7191EEBF8120032316E /* Editable.swift */; };
		E18FC71C1EEBF9050032316E /* EditableLabel.swift in Sources */ = {isa = PBXBuildFile; fileRef = E18FC71B1EEBF9050032316E /* EditableLabel.swift */; };
		E18FC71E1EEC07C90032316E /* TextView.swift in Sources */ = {isa = PBXBuildFile; fileRef = E18FC71D1EEC07C90032316E /* TextView.swift */; };
		E19ADEA11EDC468200F18BB7 /* FRModel.swift in Sources */ = {isa = PBXBuildFile; fileRef = E19ADEA01EDC468200F18BB7 /* FRModel.swift */; };
		E1AB38C11EDED5CC00E88E67 /* UIImageExtension.swift in Sources */ = {isa = PBXBuildFile; fileRef = E1AB38C01EDED5CC00E88E67 /* UIImageExtension.swift */; };
		E1DD64D31ED8A4FA00D596A5 /* TextField.swift in Sources */ = {isa = PBXBuildFile; fileRef = E1DD64D21ED8A4FA00D596A5 /* TextField.swift */; };
		E1DD64D71ED8A6B600D596A5 /* ErrorBorder.swift in Sources */ = {isa = PBXBuildFile; fileRef = E1DD64D61ED8A6B600D596A5 /* ErrorBorder.swift */; };
		E1DD64D91ED8A7EA00D596A5 /* Validatable.swift in Sources */ = {isa = PBXBuildFile; fileRef = E1DD64D81ED8A7EA00D596A5 /* Validatable.swift */; };
		E1DD64DC1ED8AA5300D596A5 /* ValidatorExtension.swift in Sources */ = {isa = PBXBuildFile; fileRef = E1DD64DB1ED8AA5300D596A5 /* ValidatorExtension.swift */; };
		E1DD64DE1ED8ACD100D596A5 /* EasyAlert.swift in Sources */ = {isa = PBXBuildFile; fileRef = E1DD64DD1ED8ACD100D596A5 /* EasyAlert.swift */; };
		E1F113081EE0033C0055621C /* LoginVM.swift in Sources */ = {isa = PBXBuildFile; fileRef = E1F113071EE0033C0055621C /* LoginVM.swift */; };
		E1F1130A1EE02B4F0055621C /* GroceryListVM.swift in Sources */ = {isa = PBXBuildFile; fileRef = E1F113091EE02B4F0055621C /* GroceryListVM.swift */; };
		E1F1130E1EE03F390055621C /* GroceryVM.swift in Sources */ = {isa = PBXBuildFile; fileRef = E1F1130D1EE03F390055621C /* GroceryVM.swift */; };
		E1F113101EE063FA0055621C /* GroceryItemVM.swift in Sources */ = {isa = PBXBuildFile; fileRef = E1F1130F1EE063FA0055621C /* GroceryItemVM.swift */; };
		E1F113121EE06A790055621C /* GroceryItemCell.swift in Sources */ = {isa = PBXBuildFile; fileRef = E1F113111EE06A790055621C /* GroceryItemCell.swift */; };
		E1F113141EE071290055621C /* CheckButton.swift in Sources */ = {isa = PBXBuildFile; fileRef = E1F113131EE071290055621C /* CheckButton.swift */; };
		E1F6D0A01EEC2FC00040B7E4 /* GroceryItemEditVM.swift in Sources */ = {isa = PBXBuildFile; fileRef = E1F6D09F1EEC2FC00040B7E4 /* GroceryItemEditVM.swift */; };
/* End PBXBuildFile section */

/* Begin PBXFileReference section */
		120607619C1900D51CC09035 /* Pods_Grocr.framework */ = {isa = PBXFileReference; explicitFileType = wrapper.framework; includeInIndex = 0; path = Pods_Grocr.framework; sourceTree = BUILT_PRODUCTS_DIR; };
		32A3DAE96625577517485EC3 /* Pods-Grocr.release.xcconfig */ = {isa = PBXFileReference; includeInIndex = 1; lastKnownFileType = text.xcconfig; name = "Pods-Grocr.release.xcconfig"; path = "Pods/Target Support Files/Pods-Grocr/Pods-Grocr.release.xcconfig"; sourceTree = "<group>"; };
		41E7DDFCB4E3ECFA3FF0237D /* Pods-Grocr.debug.xcconfig */ = {isa = PBXFileReference; includeInIndex = 1; lastKnownFileType = text.xcconfig; name = "Pods-Grocr.debug.xcconfig"; path = "Pods/Target Support Files/Pods-Grocr/Pods-Grocr.debug.xcconfig"; sourceTree = "<group>"; };
		BB23855C1B3DD5AB0079CD01 /* Grocr.app */ = {isa = PBXFileReference; explicitFileType = wrapper.application; includeInIndex = 0; path = Grocr.app; sourceTree = BUILT_PRODUCTS_DIR; };
		BB2385601B3DD5AB0079CD01 /* Info.plist */ = {isa = PBXFileReference; lastKnownFileType = text.plist.xml; path = Info.plist; sourceTree = "<group>"; };
		BB2385611B3DD5AB0079CD01 /* AppDelegate.swift */ = {isa = PBXFileReference; lastKnownFileType = sourcecode.swift; path = AppDelegate.swift; sourceTree = "<group>"; };
		BB2385631B3DD5AB0079CD01 /* LoginVC.swift */ = {isa = PBXFileReference; lastKnownFileType = sourcecode.swift; path = LoginVC.swift; sourceTree = "<group>"; };
		BB2385661B3DD5AB0079CD01 /* Base */ = {isa = PBXFileReference; lastKnownFileType = file.storyboard; name = Base; path = Base.lproj/Main.storyboard; sourceTree = "<group>"; };
		BB2385681B3DD5AB0079CD01 /* Images.xcassets */ = {isa = PBXFileReference; lastKnownFileType = folder.assetcatalog; path = Images.xcassets; sourceTree = "<group>"; };
		BB23856B1B3DD5AB0079CD01 /* Base */ = {isa = PBXFileReference; lastKnownFileType = file.xib; name = Base; path = Base.lproj/LaunchScreen.xib; sourceTree = "<group>"; };
		BB2385831B3DD8660079CD01 /* GroceryVC.swift */ = {isa = PBXFileReference; fileEncoding = 4; lastKnownFileType = sourcecode.swift; path = GroceryVC.swift; sourceTree = "<group>"; };
		BB2385851B3DD8820079CD01 /* Grocr-Bridging-Header.h */ = {isa = PBXFileReference; lastKnownFileType = sourcecode.c.h; path = "Grocr-Bridging-Header.h"; sourceTree = "<group>"; };
		BB2385891B3DD9640079CD01 /* GroceryItem.swift */ = {isa = PBXFileReference; fileEncoding = 4; lastKnownFileType = sourcecode.swift; path = GroceryItem.swift; sourceTree = "<group>"; };
		BB7DA5101B42C8100018B530 /* User.swift */ = {isa = PBXFileReference; fileEncoding = 4; lastKnownFileType = sourcecode.swift; path = User.swift; sourceTree = "<group>"; };
		E103D9F31EE1EB3100ECC881 /* DictionaryExtension.swift */ = {isa = PBXFileReference; fileEncoding = 4; lastKnownFileType = sourcecode.swift; name = DictionaryExtension.swift; path = Extensions/DictionaryExtension.swift; sourceTree = "<group>"; };
		E103D9F51EE2C7FA00ECC881 /* BoolExtension.swift */ = {isa = PBXFileReference; fileEncoding = 4; lastKnownFileType = sourcecode.swift; name = BoolExtension.swift; path = Extensions/BoolExtension.swift; sourceTree = "<group>"; };
		E115FB1D1ED9BB85003C1C50 /* AlertActionExtension.swift */ = {isa = PBXFileReference; fileEncoding = 4; lastKnownFileType = sourcecode.swift; name = AlertActionExtension.swift; path = Extensions/AlertActionExtension.swift; sourceTree = "<group>"; };
		E115FB1F1ED9C19A003C1C50 /* AlertVCExtension.swift */ = {isa = PBXFileReference; fileEncoding = 4; lastKnownFileType = sourcecode.swift; name = AlertVCExtension.swift; path = Extensions/AlertVCExtension.swift; sourceTree = "<group>"; };
		E115FB271EDC13A2003C1C50 /* GroceryCell.swift */ = {isa = PBXFileReference; fileEncoding = 4; lastKnownFileType = sourcecode.swift; name = GroceryCell.swift; path = Controls/GroceryCell.swift; sourceTree = "<group>"; };
		E115FB291EDC14AA003C1C50 /* GroceryListVC.swift */ = {isa = PBXFileReference; fileEncoding = 4; lastKnownFileType = sourcecode.swift; path = GroceryListVC.swift; sourceTree = "<group>"; };
		E115FB2B1EDC17AA003C1C50 /* Grocery.swift */ = {isa = PBXFileReference; fileEncoding = 4; lastKnownFileType = sourcecode.swift; name = Grocery.swift; path = Models/Grocery.swift; sourceTree = "<group>"; };
		E139E1C11EE6C62300E5CF3C /* GenericCell.swift */ = {isa = PBXFileReference; fileEncoding = 4; lastKnownFileType = sourcecode.swift; name = GenericCell.swift; path = Controls/GenericCell.swift; sourceTree = "<group>"; };
		E145A51A1ED87CE000A1179E /* GoogleService-Info.plist */ = {isa = PBXFileReference; fileEncoding = 4; lastKnownFileType = text.plist.xml; path = "GoogleService-Info.plist"; sourceTree = "<group>"; };
		E157370A1ED88BC600DDBB82 /* Grocr.entitlements */ = {isa = PBXFileReference; lastKnownFileType = text.plist.entitlements; path = Grocr.entitlements; sourceTree = "<group>"; };
		E16068971EDDC8BE00C522D8 /* GroceryItemVC.swift */ = {isa = PBXFileReference; fileEncoding = 4; lastKnownFileType = sourcecode.swift; path = GroceryItemVC.swift; sourceTree = "<group>"; };
		E16A76641EED614F004050E3 /* StorageReferenceExtension.swift */ = {isa = PBXFileReference; fileEncoding = 4; lastKnownFileType = sourcecode.swift; name = StorageReferenceExtension.swift; path = Extensions/StorageReferenceExtension.swift; sourceTree = "<group>"; };
		E1744D0C1EE7DAE100A17A27 /* ViewModelAvailable.swift */ = {isa = PBXFileReference; fileEncoding = 4; lastKnownFileType = sourcecode.swift; name = ViewModelAvailable.swift; path = Protocols/ViewModelAvailable.swift; sourceTree = "<group>"; };
		E18FC7191EEBF8120032316E /* Editable.swift */ = {isa = PBXFileReference; fileEncoding = 4; lastKnownFileType = sourcecode.swift; name = Editable.swift; path = Protocols/Editable.swift; sourceTree = "<group>"; };
		E18FC71B1EEBF9050032316E /* EditableLabel.swift */ = {isa = PBXFileReference; fileEncoding = 4; lastKnownFileType = sourcecode.swift; name = EditableLabel.swift; path = Controls/EditableLabel.swift; sourceTree = "<group>"; };
		E18FC71D1EEC07C90032316E /* TextView.swift */ = {isa = PBXFileReference; fileEncoding = 4; lastKnownFileType = sourcecode.swift; name = TextView.swift; path = Controls/TextView.swift; sourceTree = "<group>"; };
		E19ADEA01EDC468200F18BB7 /* FRModel.swift */ = {isa = PBXFileReference; fileEncoding = 4; lastKnownFileType = sourcecode.swift; name = FRModel.swift; path = Protocols/FRModel.swift; sourceTree = "<group>"; };
		E1AB38C01EDED5CC00E88E67 /* UIImageExtension.swift */ = {isa = PBXFileReference; fileEncoding = 4; lastKnownFileType = sourcecode.swift; name = UIImageExtension.swift; path = Extensions/UIImageExtension.swift; sourceTree = "<group>"; };
		E1DD64D21ED8A4FA00D596A5 /* TextField.swift */ = {isa = PBXFileReference; fileEncoding = 4; lastKnownFileType = sourcecode.swift; name = TextField.swift; path = Controls/TextField.swift; sourceTree = "<group>"; };
		E1DD64D61ED8A6B600D596A5 /* ErrorBorder.swift */ = {isa = PBXFileReference; fileEncoding = 4; lastKnownFileType = sourcecode.swift; name = ErrorBorder.swift; path = Protocols/ErrorBorder.swift; sourceTree = "<group>"; };
		E1DD64D81ED8A7EA00D596A5 /* Validatable.swift */ = {isa = PBXFileReference; fileEncoding = 4; lastKnownFileType = sourcecode.swift; name = Validatable.swift; path = Protocols/Validatable.swift; sourceTree = "<group>"; };
		E1DD64DB1ED8AA5300D596A5 /* ValidatorExtension.swift */ = {isa = PBXFileReference; fileEncoding = 4; lastKnownFileType = sourcecode.swift; name = ValidatorExtension.swift; path = Extensions/ValidatorExtension.swift; sourceTree = "<group>"; };
		E1DD64DD1ED8ACD100D596A5 /* EasyAlert.swift */ = {isa = PBXFileReference; fileEncoding = 4; lastKnownFileType = sourcecode.swift; name = EasyAlert.swift; path = Protocols/EasyAlert.swift; sourceTree = "<group>"; };
		E1F113071EE0033C0055621C /* LoginVM.swift */ = {isa = PBXFileReference; fileEncoding = 4; lastKnownFileType = sourcecode.swift; name = LoginVM.swift; path = "View Models/LoginVM.swift"; sourceTree = "<group>"; };
		E1F113091EE02B4F0055621C /* GroceryListVM.swift */ = {isa = PBXFileReference; fileEncoding = 4; lastKnownFileType = sourcecode.swift; name = GroceryListVM.swift; path = "View Models/GroceryListVM.swift"; sourceTree = "<group>"; };
		E1F1130D1EE03F390055621C /* GroceryVM.swift */ = {isa = PBXFileReference; fileEncoding = 4; lastKnownFileType = sourcecode.swift; name = GroceryVM.swift; path = "View Models/GroceryVM.swift"; sourceTree = "<group>"; };
		E1F1130F1EE063FA0055621C /* GroceryItemVM.swift */ = {isa = PBXFileReference; fileEncoding = 4; lastKnownFileType = sourcecode.swift; name = GroceryItemVM.swift; path = "View Models/GroceryItemVM.swift"; sourceTree = "<group>"; };
		E1F113111EE06A790055621C /* GroceryItemCell.swift */ = {isa = PBXFileReference; fileEncoding = 4; lastKnownFileType = sourcecode.swift; name = GroceryItemCell.swift; path = Controls/GroceryItemCell.swift; sourceTree = "<group>"; };
		E1F113131EE071290055621C /* CheckButton.swift */ = {isa = PBXFileReference; fileEncoding = 4; lastKnownFileType = sourcecode.swift; name = CheckButton.swift; path = Controls/CheckButton.swift; sourceTree = "<group>"; };
		E1F6D09F1EEC2FC00040B7E4 /* GroceryItemEditVM.swift */ = {isa = PBXFileReference; fileEncoding = 4; lastKnownFileType = sourcecode.swift; name = GroceryItemEditVM.swift; path = "View Models/GroceryItemEditVM.swift"; sourceTree = "<group>"; };
/* End PBXFileReference section */

/* Begin PBXFrameworksBuildPhase section */
		BB2385591B3DD5AB0079CD01 /* Frameworks */ = {
			isa = PBXFrameworksBuildPhase;
			buildActionMask = 2147483647;
			files = (
				43618B5E4B9F9035650C140B /* Pods_Grocr.framework in Frameworks */,
			);
			runOnlyForDeploymentPostprocessing = 0;
		};
/* End PBXFrameworksBuildPhase section */

/* Begin PBXGroup section */
		684BE13E2F94A1B0B2DF4E65 /* Frameworks */ = {
			isa = PBXGroup;
			children = (
				120607619C1900D51CC09035 /* Pods_Grocr.framework */,
			);
			name = Frameworks;
			sourceTree = "<group>";
		};
		78E8CBD941D37F3411F69FF2 /* Pods */ = {
			isa = PBXGroup;
			children = (
				41E7DDFCB4E3ECFA3FF0237D /* Pods-Grocr.debug.xcconfig */,
				32A3DAE96625577517485EC3 /* Pods-Grocr.release.xcconfig */,
			);
			name = Pods;
			sourceTree = "<group>";
		};
		BB2385531B3DD5AB0079CD01 = {
			isa = PBXGroup;
			children = (
				BB23855E1B3DD5AB0079CD01 /* Grocr */,
				BB23855D1B3DD5AB0079CD01 /* Products */,
				78E8CBD941D37F3411F69FF2 /* Pods */,
				684BE13E2F94A1B0B2DF4E65 /* Frameworks */,
			);
			indentWidth = 2;
			sourceTree = "<group>";
			tabWidth = 2;
		};
		BB23855D1B3DD5AB0079CD01 /* Products */ = {
			isa = PBXGroup;
			children = (
				BB23855C1B3DD5AB0079CD01 /* Grocr.app */,
			);
			name = Products;
			sourceTree = "<group>";
		};
		BB23855E1B3DD5AB0079CD01 /* Grocr */ = {
			isa = PBXGroup;
			children = (
				E157370A1ED88BC600DDBB82 /* Grocr.entitlements */,
				E1DD64DA1ED8AA3500D596A5 /* Extensions */,
				E1DD64D51ED8A69700D596A5 /* Protocols */,
				E1DD64D41ED8A4FD00D596A5 /* Controls */,
				E1F113061EE001AF0055621C /* VIewModels */,
				BB2385881B3DD9550079CD01 /* Models */,
				BB2385811B3DD8310079CD01 /* Controllers */,
				BB2385821B3DD8490079CD01 /* Layouts */,
				BB2385681B3DD5AB0079CD01 /* Images.xcassets */,
				BB7DA5121B42CA790018B530 /* Other */,
				BB23855F1B3DD5AB0079CD01 /* Supporting Files */,
			);
			path = Grocr;
			sourceTree = "<group>";
		};
		BB23855F1B3DD5AB0079CD01 /* Supporting Files */ = {
			isa = PBXGroup;
			children = (
				BB2385601B3DD5AB0079CD01 /* Info.plist */,
				E145A51A1ED87CE000A1179E /* GoogleService-Info.plist */,
				BB2385851B3DD8820079CD01 /* Grocr-Bridging-Header.h */,
			);
			name = "Supporting Files";
			sourceTree = "<group>";
		};
		BB2385811B3DD8310079CD01 /* Controllers */ = {
			isa = PBXGroup;
			children = (
				BB2385631B3DD5AB0079CD01 /* LoginVC.swift */,
				E115FB291EDC14AA003C1C50 /* GroceryListVC.swift */,
				BB2385831B3DD8660079CD01 /* GroceryVC.swift */,
				E16068971EDDC8BE00C522D8 /* GroceryItemVC.swift */,
			);
			name = Controllers;
			sourceTree = "<group>";
		};
		BB2385821B3DD8490079CD01 /* Layouts */ = {
			isa = PBXGroup;
			children = (
				BB2385651B3DD5AB0079CD01 /* Main.storyboard */,
				BB23856A1B3DD5AB0079CD01 /* LaunchScreen.xib */,
			);
			name = Layouts;
			sourceTree = "<group>";
		};
		BB2385881B3DD9550079CD01 /* Models */ = {
			isa = PBXGroup;
			children = (
				BB2385891B3DD9640079CD01 /* GroceryItem.swift */,
				E115FB2B1EDC17AA003C1C50 /* Grocery.swift */,
				BB7DA5101B42C8100018B530 /* User.swift */,
			);
			name = Models;
			sourceTree = "<group>";
		};
		BB7DA5121B42CA790018B530 /* Other */ = {
			isa = PBXGroup;
			children = (
				BB2385611B3DD5AB0079CD01 /* AppDelegate.swift */,
			);
			name = Other;
			sourceTree = "<group>";
		};
		E189FC071EE5666D00278F50 /* Cells */ = {
			isa = PBXGroup;
			children = (
				E115FB271EDC13A2003C1C50 /* GroceryCell.swift */,
				E1F113111EE06A790055621C /* GroceryItemCell.swift */,
				E139E1C11EE6C62300E5CF3C /* GenericCell.swift */,
			);
			name = Cells;
			sourceTree = "<group>";
		};
		E1DD64D41ED8A4FD00D596A5 /* Controls */ = {
			isa = PBXGroup;
			children = (
				E1DD64D21ED8A4FA00D596A5 /* TextField.swift */,
				E18FC71D1EEC07C90032316E /* TextView.swift */,
				E1F113131EE071290055621C /* CheckButton.swift */,
				E18FC71B1EEBF9050032316E /* EditableLabel.swift */,
				E189FC071EE5666D00278F50 /* Cells */,
			);
			name = Controls;
			sourceTree = "<group>";
		};
		E1DD64D51ED8A69700D596A5 /* Protocols */ = {
			isa = PBXGroup;
			children = (
				E1DD64D61ED8A6B600D596A5 /* ErrorBorder.swift */,
				E1DD64D81ED8A7EA00D596A5 /* Validatable.swift */,
				E1DD64DD1ED8ACD100D596A5 /* EasyAlert.swift */,
				E19ADEA01EDC468200F18BB7 /* FRModel.swift */,
				E1744D0C1EE7DAE100A17A27 /* ViewModelAvailable.swift */,
				E18FC7191EEBF8120032316E /* Editable.swift */,
			);
			name = Protocols;
			sourceTree = "<group>";
		};
		E1DD64DA1ED8AA3500D596A5 /* Extensions */ = {
			isa = PBXGroup;
			children = (
				E1DD64DB1ED8AA5300D596A5 /* ValidatorExtension.swift */,
				E115FB1D1ED9BB85003C1C50 /* AlertActionExtension.swift */,
				E115FB1F1ED9C19A003C1C50 /* AlertVCExtension.swift */,
				E1AB38C01EDED5CC00E88E67 /* UIImageExtension.swift */,
				E103D9F31EE1EB3100ECC881 /* DictionaryExtension.swift */,
				E103D9F51EE2C7FA00ECC881 /* BoolExtension.swift */,
				E16A76641EED614F004050E3 /* StorageReferenceExtension.swift */,
			);
			name = Extensions;
			sourceTree = "<group>";
		};
		E1F113061EE001AF0055621C /* VIewModels */ = {
			isa = PBXGroup;
			children = (
				E1F113071EE0033C0055621C /* LoginVM.swift */,
				E1F113091EE02B4F0055621C /* GroceryListVM.swift */,
				E1F1130D1EE03F390055621C /* GroceryVM.swift */,
				E1F1130F1EE063FA0055621C /* GroceryItemVM.swift */,
				E1F6D09F1EEC2FC00040B7E4 /* GroceryItemEditVM.swift */,
			);
			name = VIewModels;
			sourceTree = "<group>";
		};
/* End PBXGroup section */

/* Begin PBXNativeTarget section */
		BB23855B1B3DD5AB0079CD01 /* Grocr */ = {
			isa = PBXNativeTarget;
			buildConfigurationList = BB23857B1B3DD5AB0079CD01 /* Build configuration list for PBXNativeTarget "Grocr" */;
			buildPhases = (
				CAB4EF98A87912FB8EC27085 /* [CP] Check Pods Manifest.lock */,
				BB2385581B3DD5AB0079CD01 /* Sources */,
				BB2385591B3DD5AB0079CD01 /* Frameworks */,
				BB23855A1B3DD5AB0079CD01 /* Resources */,
				1CE08B285611D6EDA4BA30FC /* [CP] Embed Pods Frameworks */,
				73E156240C7EBFBA93257857 /* [CP] Copy Pods Resources */,
			);
			buildRules = (
			);
			dependencies = (
			);
			name = Grocr;
			productName = Grocr;
			productReference = BB23855C1B3DD5AB0079CD01 /* Grocr.app */;
			productType = "com.apple.product-type.application";
		};
/* End PBXNativeTarget section */

/* Begin PBXProject section */
		BB2385541B3DD5AB0079CD01 /* Project object */ = {
			isa = PBXProject;
			attributes = {
				LastUpgradeCheck = 0830;
				ORGANIZATIONNAME = Eugene;
				TargetAttributes = {
					BB23855B1B3DD5AB0079CD01 = {
						CreatedOnToolsVersion = 6.3.1;
						DevelopmentTeam = 93V5PGPZMP;
						LastSwiftMigration = 0800;
						ProvisioningStyle = Automatic;
						SystemCapabilities = {
							com.apple.ApplicationGroups.iOS = {
								enabled = 0;
							};
							com.apple.Keychain = {
								enabled = 1;
							};
						};
					};
				};
			};
			buildConfigurationList = BB2385571B3DD5AB0079CD01 /* Build configuration list for PBXProject "Grocr" */;
			compatibilityVersion = "Xcode 3.2";
			developmentRegion = English;
			hasScannedForEncodings = 0;
			knownRegions = (
				en,
				Base,
			);
			mainGroup = BB2385531B3DD5AB0079CD01;
			productRefGroup = BB23855D1B3DD5AB0079CD01 /* Products */;
			projectDirPath = "";
			projectRoot = "";
			targets = (
				BB23855B1B3DD5AB0079CD01 /* Grocr */,
			);
		};
/* End PBXProject section */

/* Begin PBXResourcesBuildPhase section */
		BB23855A1B3DD5AB0079CD01 /* Resources */ = {
			isa = PBXResourcesBuildPhase;
			buildActionMask = 2147483647;
			files = (
				BB2385671B3DD5AB0079CD01 /* Main.storyboard in Resources */,
				BB23856C1B3DD5AB0079CD01 /* LaunchScreen.xib in Resources */,
				E145A51B1ED87CE000A1179E /* GoogleService-Info.plist in Resources */,
				BB2385691B3DD5AB0079CD01 /* Images.xcassets in Resources */,
			);
			runOnlyForDeploymentPostprocessing = 0;
		};
/* End PBXResourcesBuildPhase section */

/* Begin PBXShellScriptBuildPhase section */
		1CE08B285611D6EDA4BA30FC /* [CP] Embed Pods Frameworks */ = {
			isa = PBXShellScriptBuildPhase;
			buildActionMask = 2147483647;
			files = (
			);
			inputPaths = (
			);
			name = "[CP] Embed Pods Frameworks";
			outputPaths = (
			);
			runOnlyForDeploymentPostprocessing = 0;
			shellPath = /bin/sh;
			shellScript = "\"${SRCROOT}/Pods/Target Support Files/Pods-Grocr/Pods-Grocr-frameworks.sh\"\n";
			showEnvVarsInLog = 0;
		};
		73E156240C7EBFBA93257857 /* [CP] Copy Pods Resources */ = {
			isa = PBXShellScriptBuildPhase;
			buildActionMask = 2147483647;
			files = (
			);
			inputPaths = (
			);
			name = "[CP] Copy Pods Resources";
			outputPaths = (
			);
			runOnlyForDeploymentPostprocessing = 0;
			shellPath = /bin/sh;
			shellScript = "\"${SRCROOT}/Pods/Target Support Files/Pods-Grocr/Pods-Grocr-resources.sh\"\n";
			showEnvVarsInLog = 0;
		};
		CAB4EF98A87912FB8EC27085 /* [CP] Check Pods Manifest.lock */ = {
			isa = PBXShellScriptBuildPhase;
			buildActionMask = 2147483647;
			files = (
			);
			inputPaths = (
			);
			name = "[CP] Check Pods Manifest.lock";
			outputPaths = (
			);
			runOnlyForDeploymentPostprocessing = 0;
			shellPath = /bin/sh;
			shellScript = "diff \"${PODS_PODFILE_DIR_PATH}/Podfile.lock\" \"${PODS_ROOT}/Manifest.lock\" > /dev/null\nif [ $? != 0 ] ; then\n    # print error to STDERR\n    echo \"error: The sandbox is not in sync with the Podfile.lock. Run 'pod install' or update your CocoaPods installation.\" >&2\n    exit 1\nfi\n";
			showEnvVarsInLog = 0;
		};
/* End PBXShellScriptBuildPhase section */

/* Begin PBXSourcesBuildPhase section */
		BB2385581B3DD5AB0079CD01 /* Sources */ = {
			isa = PBXSourcesBuildPhase;
			buildActionMask = 2147483647;
			files = (
				BB2385641B3DD5AB0079CD01 /* LoginVC.swift in Sources */,
				E1DD64D91ED8A7EA00D596A5 /* Validatable.swift in Sources */,
				BB2385841B3DD8660079CD01 /* GroceryVC.swift in Sources */,
				BB23858A1B3DD9640079CD01 /* GroceryItem.swift in Sources */,
				E16A76651EED614F004050E3 /* StorageReferenceExtension.swift in Sources */,
				E1744D0D1EE7DAE100A17A27 /* ViewModelAvailable.swift in Sources */,
				E1F1130E1EE03F390055621C /* GroceryVM.swift in Sources */,
				E1F113081EE0033C0055621C /* LoginVM.swift in Sources */,
				E115FB1E1ED9BB85003C1C50 /* AlertActionExtension.swift in Sources */,
				E1DD64DE1ED8ACD100D596A5 /* EasyAlert.swift in Sources */,
				E18FC71E1EEC07C90032316E /* TextView.swift in Sources */,
				E115FB2A1EDC14AA003C1C50 /* GroceryListVC.swift in Sources */,
				E1F6D0A01EEC2FC00040B7E4 /* GroceryItemEditVM.swift in Sources */,
				E1F113121EE06A790055621C /* GroceryItemCell.swift in Sources */,
				E18FC71C1EEBF9050032316E /* EditableLabel.swift in Sources */,
				E115FB281EDC13A2003C1C50 /* GroceryCell.swift in Sources */,
				E1F113101EE063FA0055621C /* GroceryItemVM.swift in Sources */,
				E1DD64D31ED8A4FA00D596A5 /* TextField.swift in Sources */,
				E16068981EDDC8BE00C522D8 /* GroceryItemVC.swift in Sources */,
				E1DD64D71ED8A6B600D596A5 /* ErrorBorder.swift in Sources */,
				E19ADEA11EDC468200F18BB7 /* FRModel.swift in Sources */,
				E115FB201ED9C19A003C1C50 /* AlertVCExtension.swift in Sources */,
				E103D9F41EE1EB3100ECC881 /* DictionaryExtension.swift in Sources */,
				E1F1130A1EE02B4F0055621C /* GroceryListVM.swift in Sources */,
				E1AB38C11EDED5CC00E88E67 /* UIImageExtension.swift in Sources */,
				E1F113141EE071290055621C /* CheckButton.swift in Sources */,
				E1DD64DC1ED8AA5300D596A5 /* ValidatorExtension.swift in Sources */,
				E103D9F61EE2C7FA00ECC881 /* BoolExtension.swift in Sources */,
				E115FB2C1EDC17AA003C1C50 /* Grocery.swift in Sources */,
				E18FC71A1EEBF8120032316E /* Editable.swift in Sources */,
				BB7DA5111B42C8100018B530 /* User.swift in Sources */,
				BB2385621B3DD5AB0079CD01 /* AppDelegate.swift in Sources */,
				E139E1C21EE6C62300E5CF3C /* GenericCell.swift in Sources */,
			);
			runOnlyForDeploymentPostprocessing = 0;
		};
/* End PBXSourcesBuildPhase section */

/* Begin PBXVariantGroup section */
		BB2385651B3DD5AB0079CD01 /* Main.storyboard */ = {
			isa = PBXVariantGroup;
			children = (
				BB2385661B3DD5AB0079CD01 /* Base */,
			);
			name = Main.storyboard;
			sourceTree = "<group>";
		};
		BB23856A1B3DD5AB0079CD01 /* LaunchScreen.xib */ = {
			isa = PBXVariantGroup;
			children = (
				BB23856B1B3DD5AB0079CD01 /* Base */,
			);
			name = LaunchScreen.xib;
			sourceTree = "<group>";
		};
/* End PBXVariantGroup section */

/* Begin XCBuildConfiguration section */
		BB2385791B3DD5AB0079CD01 /* Debug */ = {
			isa = XCBuildConfiguration;
			buildSettings = {
				ALWAYS_SEARCH_USER_PATHS = NO;
				CLANG_CXX_LANGUAGE_STANDARD = "gnu++0x";
				CLANG_CXX_LIBRARY = "libc++";
				CLANG_ENABLE_MODULES = YES;
				CLANG_ENABLE_OBJC_ARC = YES;
				CLANG_WARN_BOOL_CONVERSION = YES;
				CLANG_WARN_CONSTANT_CONVERSION = YES;
				CLANG_WARN_DIRECT_OBJC_ISA_USAGE = YES_ERROR;
				CLANG_WARN_EMPTY_BODY = YES;
				CLANG_WARN_ENUM_CONVERSION = YES;
				CLANG_WARN_INFINITE_RECURSION = YES;
				CLANG_WARN_INT_CONVERSION = YES;
				CLANG_WARN_OBJC_ROOT_CLASS = YES_ERROR;
				CLANG_WARN_SUSPICIOUS_MOVE = YES;
				CLANG_WARN_UNREACHABLE_CODE = YES;
				CLANG_WARN__DUPLICATE_METHOD_MATCH = YES;
				"CODE_SIGN_IDENTITY[sdk=iphoneos*]" = "iPhone Developer";
				COPY_PHASE_STRIP = NO;
				DEBUG_INFORMATION_FORMAT = "dwarf-with-dsym";
				ENABLE_STRICT_OBJC_MSGSEND = YES;
				ENABLE_TESTABILITY = YES;
				GCC_C_LANGUAGE_STANDARD = gnu99;
				GCC_DYNAMIC_NO_PIC = NO;
				GCC_NO_COMMON_BLOCKS = YES;
				GCC_OPTIMIZATION_LEVEL = 0;
				GCC_PREPROCESSOR_DEFINITIONS = (
					"DEBUG=1",
					"$(inherited)",
				);
				GCC_SYMBOLS_PRIVATE_EXTERN = NO;
				GCC_WARN_64_TO_32_BIT_CONVERSION = YES;
				GCC_WARN_ABOUT_RETURN_TYPE = YES_ERROR;
				GCC_WARN_UNDECLARED_SELECTOR = YES;
				GCC_WARN_UNINITIALIZED_AUTOS = YES_AGGRESSIVE;
				GCC_WARN_UNUSED_FUNCTION = YES;
				GCC_WARN_UNUSED_VARIABLE = YES;
				IPHONEOS_DEPLOYMENT_TARGET = 10.0;
				MTL_ENABLE_DEBUG_INFO = YES;
				ONLY_ACTIVE_ARCH = YES;
				SDKROOT = iphoneos;
				SWIFT_OPTIMIZATION_LEVEL = "-Onone";
			};
			name = Debug;
		};
		BB23857A1B3DD5AB0079CD01 /* Release */ = {
			isa = XCBuildConfiguration;
			buildSettings = {
				ALWAYS_SEARCH_USER_PATHS = NO;
				CLANG_CXX_LANGUAGE_STANDARD = "gnu++0x";
				CLANG_CXX_LIBRARY = "libc++";
				CLANG_ENABLE_MODULES = YES;
				CLANG_ENABLE_OBJC_ARC = YES;
				CLANG_WARN_BOOL_CONVERSION = YES;
				CLANG_WARN_CONSTANT_CONVERSION = YES;
				CLANG_WARN_DIRECT_OBJC_ISA_USAGE = YES_ERROR;
				CLANG_WARN_EMPTY_BODY = YES;
				CLANG_WARN_ENUM_CONVERSION = YES;
				CLANG_WARN_INFINITE_RECURSION = YES;
				CLANG_WARN_INT_CONVERSION = YES;
				CLANG_WARN_OBJC_ROOT_CLASS = YES_ERROR;
				CLANG_WARN_SUSPICIOUS_MOVE = YES;
				CLANG_WARN_UNREACHABLE_CODE = YES;
				CLANG_WARN__DUPLICATE_METHOD_MATCH = YES;
				"CODE_SIGN_IDENTITY[sdk=iphoneos*]" = "iPhone Developer";
				COPY_PHASE_STRIP = NO;
				DEBUG_INFORMATION_FORMAT = "dwarf-with-dsym";
				ENABLE_NS_ASSERTIONS = NO;
				ENABLE_STRICT_OBJC_MSGSEND = YES;
				GCC_C_LANGUAGE_STANDARD = gnu99;
				GCC_NO_COMMON_BLOCKS = YES;
				GCC_WARN_64_TO_32_BIT_CONVERSION = YES;
				GCC_WARN_ABOUT_RETURN_TYPE = YES_ERROR;
				GCC_WARN_UNDECLARED_SELECTOR = YES;
				GCC_WARN_UNINITIALIZED_AUTOS = YES_AGGRESSIVE;
				GCC_WARN_UNUSED_FUNCTION = YES;
				GCC_WARN_UNUSED_VARIABLE = YES;
				IPHONEOS_DEPLOYMENT_TARGET = 10.0;
				MTL_ENABLE_DEBUG_INFO = NO;
				SDKROOT = iphoneos;
				VALIDATE_PRODUCT = YES;
			};
			name = Release;
		};
		BB23857C1B3DD5AB0079CD01 /* Debug */ = {
			isa = XCBuildConfiguration;
			baseConfigurationReference = 41E7DDFCB4E3ECFA3FF0237D /* Pods-Grocr.debug.xcconfig */;
			buildSettings = {
				ASSETCATALOG_COMPILER_APPICON_NAME = AppIcon;
				CLANG_ENABLE_MODULES = YES;
				CODE_SIGN_ENTITLEMENTS = Grocr/Grocr.entitlements;
				CODE_SIGN_IDENTITY = "iPhone Developer";
				"CODE_SIGN_IDENTITY[sdk=iphoneos*]" = "iPhone Developer";
				DEVELOPMENT_TEAM = 93V5PGPZMP;
				ENABLE_BITCODE = NO;
				INFOPLIST_FILE = Grocr/Info.plist;
				IPHONEOS_DEPLOYMENT_TARGET = 10.0;
				LD_RUNPATH_SEARCH_PATHS = "$(inherited) @executable_path/Frameworks";
				PRODUCT_BUNDLE_IDENTIFIER = rw.firebase.gettingstarted;
				PRODUCT_NAME = "$(TARGET_NAME)";
				PROVISIONING_PROFILE = "";
				PROVISIONING_PROFILE_SPECIFIER = "";
				SWIFT_OBJC_BRIDGING_HEADER = "Grocr/Grocr-Bridging-Header.h";
				SWIFT_OPTIMIZATION_LEVEL = "-Onone";
				SWIFT_VERSION = 3.0;
				TARGETED_DEVICE_FAMILY = 1;
			};
			name = Debug;
		};
		BB23857D1B3DD5AB0079CD01 /* Release */ = {
			isa = XCBuildConfiguration;
			baseConfigurationReference = 32A3DAE96625577517485EC3 /* Pods-Grocr.release.xcconfig */;
			buildSettings = {
				ASSETCATALOG_COMPILER_APPICON_NAME = AppIcon;
				CLANG_ENABLE_MODULES = YES;
				CODE_SIGN_ENTITLEMENTS = Grocr/Grocr.entitlements;
				CODE_SIGN_IDENTITY = "iPhone Developer";
				"CODE_SIGN_IDENTITY[sdk=iphoneos*]" = "iPhone Developer";
				DEVELOPMENT_TEAM = 93V5PGPZMP;
				ENABLE_BITCODE = NO;
				INFOPLIST_FILE = Grocr/Info.plist;
				IPHONEOS_DEPLOYMENT_TARGET = 10.0;
				LD_RUNPATH_SEARCH_PATHS = "$(inherited) @executable_path/Frameworks";
				PRODUCT_BUNDLE_IDENTIFIER = rw.firebase.gettingstarted;
				PRODUCT_NAME = "$(TARGET_NAME)";
				PROVISIONING_PROFILE = "";
				PROVISIONING_PROFILE_SPECIFIER = "";
				SWIFT_OBJC_BRIDGING_HEADER = "Grocr/Grocr-Bridging-Header.h";
				SWIFT_OPTIMIZATION_LEVEL = "-Owholemodule";
				SWIFT_VERSION = 3.0;
				TARGETED_DEVICE_FAMILY = 1;
			};
			name = Release;
		};
/* End XCBuildConfiguration section */

/* Begin XCConfigurationList section */
		BB2385571B3DD5AB0079CD01 /* Build configuration list for PBXProject "Grocr" */ = {
			isa = XCConfigurationList;
			buildConfigurations = (
				BB2385791B3DD5AB0079CD01 /* Debug */,
				BB23857A1B3DD5AB0079CD01 /* Release */,
			);
			defaultConfigurationIsVisible = 0;
			defaultConfigurationName = Release;
		};
		BB23857B1B3DD5AB0079CD01 /* Build configuration list for PBXNativeTarget "Grocr" */ = {
			isa = XCConfigurationList;
			buildConfigurations = (
				BB23857C1B3DD5AB0079CD01 /* Debug */,
				BB23857D1B3DD5AB0079CD01 /* Release */,
			);
			defaultConfigurationIsVisible = 0;
			defaultConfigurationName = Release;
		};
/* End XCConfigurationList section */
	};
	rootObject = BB2385541B3DD5AB0079CD01 /* Project object */;
}
